
Microsoft Visual Studio Solution File, Format Version 12.00
# Visual Studio Version 16
VisualStudioVersion = 16.0.30517.126
MinimumVisualStudioVersion = 10.0.40219.1
Project("{FAE04EC0-301F-11D3-BF4B-00C04F79EFBC}") = "CloneArmyPlayground", "CloneArmyPlayground\CloneArmyPlayground.csproj", "{A383B4A0-3997-49D0-907A-EB1F183EB011}"
EndProject
Global
	GlobalSection(SolutionConfigurationPlatforms) = preSolution
		Debug|Any CPU = Debug|Any CPU
		Release|Any CPU = Release|Any CPU
	EndGlobalSection
	GlobalSection(ProjectConfigurationPlatforms) = postSolution
		{A383B4A0-3997-49D0-907A-EB1F183EB011}.Debug|Any CPU.ActiveCfg = Debug|Any CPU
		{A383B4A0-3997-49D0-907A-EB1F183EB011}.Debug|Any CPU.Build.0 = Debug|Any CPU
		{A383B4A0-3997-49D0-907A-EB1F183EB011}.Release|Any CPU.ActiveCfg = Release|Any CPU
		{A383B4A0-3997-49D0-907A-EB1F183EB011}.Release|Any CPU.Build.0 = Release|Any CPU
	EndGlobalSection
	GlobalSection(SolutionProperties) = preSolution
		HideSolutionNode = FALSE
	EndGlobalSection
	GlobalSection(ExtensibilityGlobals) = postSolution
		SolutionGuid = {196747E1-FD87-4B74-8A8F-6C45AB544986}
	EndGlobalSection
EndGlobal
